// !$*UTF8*$!
{
	archiveVersion = 1;
	classes = {
	};
	objectVersion = 77;
	objects = {

/* Begin PBXBuildFile section */
		F2CAB99C2D43B1850007C26D /* Assets.xcassets in Resources */ = {isa = PBXBuildFile; fileRef = F2CAB9952D43B1850007C26D /* Assets.xcassets */; };
		F2CAB99E2D43B1850007C26D /* LaunchScreen.storyboard in Resources */ = {isa = PBXBuildFile; fileRef = F2CAB9992D43B1850007C26D /* LaunchScreen.storyboard */; };
		F2CAB99F2D43B1850007C26D /* AppDelegate.swift in Sources */ = {isa = PBXBuildFile; fileRef = F2CAB9912D43B1850007C26D /* AppDelegate.swift */; };
		F2CAB9A02D43B1850007C26D /* SceneDelegate.swift in Sources */ = {isa = PBXBuildFile; fileRef = F2CAB9922D43B1850007C26D /* SceneDelegate.swift */; };
		F2FD07212D4AABFA001F0C28 /* CellController.swift in Sources */ = {isa = PBXBuildFile; fileRef = F2FD071F2D4AABFA001F0C28 /* CellController.swift */; };
		F2FD07242D4AABFD001F0C28 /* CardModel.swift in Sources */ = {isa = PBXBuildFile; fileRef = F2FD07222D4AABFD001F0C28 /* CardModel.swift */; };
/* End PBXBuildFile section */

/* Begin PBXFileReference section */
		F2CAB9752D43AE700007C26D /* Example_iOS.app */ = {isa = PBXFileReference; explicitFileType = wrapper.application; includeInIndex = 0; path = Example_iOS.app; sourceTree = BUILT_PRODUCTS_DIR; };
		F2CAB9912D43B1850007C26D /* AppDelegate.swift */ = {isa = PBXFileReference; lastKnownFileType = sourcecode.swift; path = AppDelegate.swift; sourceTree = "<group>"; };
		F2CAB9922D43B1850007C26D /* SceneDelegate.swift */ = {isa = PBXFileReference; lastKnownFileType = sourcecode.swift; path = SceneDelegate.swift; sourceTree = "<group>"; };
		F2CAB9952D43B1850007C26D /* Assets.xcassets */ = {isa = PBXFileReference; lastKnownFileType = folder.assetcatalog; path = Assets.xcassets; sourceTree = "<group>"; };
		F2CAB9972D43B1850007C26D /* Info.plist */ = {isa = PBXFileReference; lastKnownFileType = text.plist.xml; path = Info.plist; sourceTree = "<group>"; };
		F2CAB9982D43B1850007C26D /* Base */ = {isa = PBXFileReference; lastKnownFileType = file.storyboard; name = Base; path = Base.lproj/LaunchScreen.storyboard; sourceTree = "<group>"; };
		F2FD071F2D4AABFA001F0C28 /* CellController.swift */ = {isa = PBXFileReference; lastKnownFileType = sourcecode.swift; path = CellController.swift; sourceTree = "<group>"; };
		F2FD07222D4AABFD001F0C28 /* CardModel.swift */ = {isa = PBXFileReference; lastKnownFileType = sourcecode.swift; path = CardModel.swift; sourceTree = "<group>"; };
/* End PBXFileReference section */

/* Begin PBXFileSystemSynchronizedRootGroup section */
		F2414F1E2D43FDE800CEC8E1 /* Shared TableView Cells */ = {
			isa = PBXFileSystemSynchronizedRootGroup;
			path = "Shared TableView Cells";
			sourceTree = "<group>";
		};
		F2CAB9A62D43BCFC0007C26D /* Feed */ = {
			isa = PBXFileSystemSynchronizedRootGroup;
			path = Feed;
			sourceTree = "<group>";
		};
/* End PBXFileSystemSynchronizedRootGroup section */

/* Begin PBXFrameworksBuildPhase section */
		F2CAB9722D43AE700007C26D /* Frameworks */ = {
			isa = PBXFrameworksBuildPhase;
			buildActionMask = 2147483647;
			files = (
			);
			runOnlyForDeploymentPostprocessing = 0;
		};
/* End PBXFrameworksBuildPhase section */

/* Begin PBXGroup section */
		F2CAB96C2D43AE6F0007C26D = {
			isa = PBXGroup;
			children = (
				F2CAB99B2D43B1850007C26D /* Example_iOS */,
				F2CAB9762D43AE700007C26D /* Products */,
			);
			sourceTree = "<group>";
		};
		F2CAB9762D43AE700007C26D /* Products */ = {
			isa = PBXGroup;
			children = (
				F2CAB9752D43AE700007C26D /* Example_iOS.app */,
			);
			name = Products;
			sourceTree = "<group>";
		};
		F2CAB9932D43B1850007C26D /* App */ = {
			isa = PBXGroup;
			children = (
				F2CAB9912D43B1850007C26D /* AppDelegate.swift */,
				F2CAB9922D43B1850007C26D /* SceneDelegate.swift */,
			);
			path = App;
			sourceTree = "<group>";
		};
		F2CAB9942D43B1850007C26D /* Modules */ = {
			isa = PBXGroup;
			children = (
				F2414F1E2D43FDE800CEC8E1 /* Shared TableView Cells */,
				F2CAB9A62D43BCFC0007C26D /* Feed */,
			);
			path = Modules;
			sourceTree = "<group>";
		};
		F2CAB9962D43B1850007C26D /* Resources */ = {
			isa = PBXGroup;
			children = (
				F2CAB9952D43B1850007C26D /* Assets.xcassets */,
			);
			path = Resources;
			sourceTree = "<group>";
		};
		F2CAB99A2D43B1850007C26D /* Supporting File's */ = {
			isa = PBXGroup;
			children = (
				F2CAB9972D43B1850007C26D /* Info.plist */,
				F2CAB9992D43B1850007C26D /* LaunchScreen.storyboard */,
			);
			path = "Supporting File's";
			sourceTree = "<group>";
		};
		F2CAB99B2D43B1850007C26D /* Example_iOS */ = {
			isa = PBXGroup;
			children = (
				F2CAB9932D43B1850007C26D /* App */,
				F2FD07202D4AABFA001F0C28 /* Cell Controller */,
				F2FD07232D4AABFD001F0C28 /* Model */,
				F2CAB9942D43B1850007C26D /* Modules */,
				F2CAB9962D43B1850007C26D /* Resources */,
				F2CAB99A2D43B1850007C26D /* Supporting File's */,
			);
			path = Example_iOS;
			sourceTree = "<group>";
		};
		F2FD07202D4AABFA001F0C28 /* Cell Controller */ = {
			isa = PBXGroup;
			children = (
				F2FD071F2D4AABFA001F0C28 /* CellController.swift */,
			);
			path = "Cell Controller";
			sourceTree = "<group>";
		};
		F2FD07232D4AABFD001F0C28 /* Model */ = {
			isa = PBXGroup;
			children = (
				F2FD07222D4AABFD001F0C28 /* CardModel.swift */,
			);
			path = Model;
			sourceTree = "<group>";
		};
/* End PBXGroup section */

/* Begin PBXNativeTarget section */
		F2CAB9742D43AE700007C26D /* Example_iOS */ = {
			isa = PBXNativeTarget;
			buildConfigurationList = F2CAB9882D43AE720007C26D /* Build configuration list for PBXNativeTarget "Example_iOS" */;
			buildPhases = (
				F2CAB9712D43AE700007C26D /* Sources */,
				F2CAB9722D43AE700007C26D /* Frameworks */,
				F2CAB9732D43AE700007C26D /* Resources */,
			);
			buildRules = (
			);
			dependencies = (
			);
			fileSystemSynchronizedGroups = (
				F2414F1E2D43FDE800CEC8E1 /* Shared TableView Cells */,
				F2CAB9A62D43BCFC0007C26D /* Feed */,
			);
			name = Example_iOS;
			packageProductDependencies = (
			);
			productName = SOLID_principles_Example_iOS;
			productReference = F2CAB9752D43AE700007C26D /* Example_iOS.app */;
			productType = "com.apple.product-type.application";
		};
/* End PBXNativeTarget section */

/* Begin PBXProject section */
		F2CAB96D2D43AE6F0007C26D /* Project object */ = {
			isa = PBXProject;
			attributes = {
				BuildIndependentTargetsInParallel = 1;
				LastSwiftUpdateCheck = 1620;
				LastUpgradeCheck = 1620;
				TargetAttributes = {
					F2CAB9742D43AE700007C26D = {
						CreatedOnToolsVersion = 16.2;
					};
				};
			};
			buildConfigurationList = F2CAB9702D43AE700007C26D /* Build configuration list for PBXProject "Example_iOS" */;
			developmentRegion = en;
			hasScannedForEncodings = 0;
			knownRegions = (
				en,
				Base,
			);
			mainGroup = F2CAB96C2D43AE6F0007C26D;
			minimizedProjectReferenceProxies = 1;
			preferredProjectObjectVersion = 77;
			productRefGroup = F2CAB9762D43AE700007C26D /* Products */;
			projectDirPath = "";
			projectRoot = "";
			targets = (
				F2CAB9742D43AE700007C26D /* Example_iOS */,
			);
		};
/* End PBXProject section */

/* Begin PBXResourcesBuildPhase section */
		F2CAB9732D43AE700007C26D /* Resources */ = {
			isa = PBXResourcesBuildPhase;
			buildActionMask = 2147483647;
			files = (
				F2CAB99C2D43B1850007C26D /* Assets.xcassets in Resources */,
				F2CAB99E2D43B1850007C26D /* LaunchScreen.storyboard in Resources */,
			);
			runOnlyForDeploymentPostprocessing = 0;
		};
/* End PBXResourcesBuildPhase section */

/* Begin PBXSourcesBuildPhase section */
		F2CAB9712D43AE700007C26D /* Sources */ = {
			isa = PBXSourcesBuildPhase;
			buildActionMask = 2147483647;
			files = (
				F2CAB99F2D43B1850007C26D /* AppDelegate.swift in Sources */,
				F2CAB9A02D43B1850007C26D /* SceneDelegate.swift in Sources */,
				F2FD07212D4AABFA001F0C28 /* CellController.swift in Sources */,
				F2FD07242D4AABFD001F0C28 /* CardModel.swift in Sources */,
			);
			runOnlyForDeploymentPostprocessing = 0;
		};
/* End PBXSourcesBuildPhase section */

/* Begin PBXVariantGroup section */
		F2CAB9992D43B1850007C26D /* LaunchScreen.storyboard */ = {
			isa = PBXVariantGroup;
			children = (
				F2CAB9982D43B1850007C26D /* Base */,
			);
			name = LaunchScreen.storyboard;
			sourceTree = "<group>";
		};
/* End PBXVariantGroup section */

/* Begin XCBuildConfiguration section */
		F2CAB9892D43AE720007C26D /* Debug */ = {
			isa = XCBuildConfiguration;
			buildSettings = {
				ASSETCATALOG_COMPILER_APPICON_NAME = AppIcon;
				ASSETCATALOG_COMPILER_GLOBAL_ACCENT_COLOR_NAME = AccentColor;
				CODE_SIGN_STYLE = Automatic;
				CURRENT_PROJECT_VERSION = 1;
				DEVELOPMENT_TEAM = 7RC8RLSUKW;
				GENERATE_INFOPLIST_FILE = YES;
				INFOPLIST_FILE = "Example_iOS/Supporting File's/Info.plist";
				INFOPLIST_KEY_UIApplicationSupportsIndirectInputEvents = YES;
				INFOPLIST_KEY_UILaunchStoryboardName = LaunchScreen;
				INFOPLIST_KEY_UISupportedInterfaceOrientations_iPad = "UIInterfaceOrientationPortrait UIInterfaceOrientationPortraitUpsideDown UIInterfaceOrientationLandscapeLeft UIInterfaceOrientationLandscapeRight";
				INFOPLIST_KEY_UISupportedInterfaceOrientations_iPhone = "UIInterfaceOrientationPortrait UIInterfaceOrientationLandscapeLeft UIInterfaceOrientationLandscapeRight";
				LD_RUNPATH_SEARCH_PATHS = (
					"$(inherited)",
					"@executable_path/Frameworks",
				);
				MARKETING_VERSION = 1.0;
				PRODUCT_BUNDLE_IDENTIFIER = "com.sudhir.example-iOS";
				PRODUCT_NAME = "$(TARGET_NAME)";
				SWIFT_EMIT_LOC_STRINGS = YES;
				SWIFT_VERSION = 5.0;
				TARGETED_DEVICE_FAMILY = "1,2";
			};
			name = Debug;
		};
		F2CAB98A2D43AE720007C26D /* Release */ = {
			isa = XCBuildConfiguration;
			buildSettings = {
				ASSETCATALOG_COMPILER_APPICON_NAME = AppIcon;
				ASSETCATALOG_COMPILER_GLOBAL_ACCENT_COLOR_NAME = AccentColor;
				CODE_SIGN_STYLE = Automatic;
				CURRENT_PROJECT_VERSION = 1;
				DEVELOPMENT_TEAM = 7RC8RLSUKW;
				GENERATE_INFOPLIST_FILE = YES;
				INFOPLIST_FILE = "Example_iOS/Supporting File's/Info.plist";
				INFOPLIST_KEY_UIApplicationSupportsIndirectInputEvents = YES;
				INFOPLIST_KEY_UILaunchStoryboardName = LaunchScreen;
				INFOPLIST_KEY_UISupportedInterfaceOrientations_iPad = "UIInterfaceOrientationPortrait UIInterfaceOrientationPortraitUpsideDown UIInterfaceOrientationLandscapeLeft UIInterfaceOrientationLandscapeRight";
				INFOPLIST_KEY_UISupportedInterfaceOrientations_iPhone = "UIInterfaceOrientationPortrait UIInterfaceOrientationLandscapeLeft UIInterfaceOrientationLandscapeRight";
				LD_RUNPATH_SEARCH_PATHS = (
					"$(inherited)",
					"@executable_path/Frameworks",
				);
				MARKETING_VERSION = 1.0;
				PRODUCT_BUNDLE_IDENTIFIER = "com.sudhir.example-iOS";
				PRODUCT_NAME = "$(TARGET_NAME)";
				SWIFT_EMIT_LOC_STRINGS = YES;
				SWIFT_VERSION = 5.0;
				TARGETED_DEVICE_FAMILY = "1,2";
			};
			name = Release;
		};
		F2CAB98B2D43AE720007C26D /* Debug */ = {
			isa = XCBuildConfiguration;
			buildSettings = {
				ALWAYS_SEARCH_USER_PATHS = NO;
				ASSETCATALOG_COMPILER_GENERATE_SWIFT_ASSET_SYMBOL_EXTENSIONS = YES;
				CLANG_ANALYZER_NONNULL = YES;
				CLANG_ANALYZER_NUMBER_OBJECT_CONVERSION = YES_AGGRESSIVE;
				CLANG_CXX_LANGUAGE_STANDARD = "gnu++20";
				CLANG_ENABLE_MODULES = YES;
				CLANG_ENABLE_OBJC_ARC = YES;
				CLANG_ENABLE_OBJC_WEAK = YES;
				CLANG_WARN_BLOCK_CAPTURE_AUTORELEASING = YES;
				CLANG_WARN_BOOL_CONVERSION = YES;
				CLANG_WARN_COMMA = YES;
				CLANG_WARN_CONSTANT_CONVERSION = YES;
				CLANG_WARN_DEPRECATED_OBJC_IMPLEMENTATIONS = YES;
				CLANG_WARN_DIRECT_OBJC_ISA_USAGE = YES_ERROR;
				CLANG_WARN_DOCUMENTATION_COMMENTS = YES;
				CLANG_WARN_EMPTY_BODY = YES;
				CLANG_WARN_ENUM_CONVERSION = YES;
				CLANG_WARN_INFINITE_RECURSION = YES;
				CLANG_WARN_INT_CONVERSION = YES;
				CLANG_WARN_NON_LITERAL_NULL_CONVERSION = YES;
				CLANG_WARN_OBJC_IMPLICIT_RETAIN_SELF = YES;
				CLANG_WARN_OBJC_LITERAL_CONVERSION = YES;
				CLANG_WARN_OBJC_ROOT_CLASS = YES_ERROR;
				CLANG_WARN_QUOTED_INCLUDE_IN_FRAMEWORK_HEADER = YES;
				CLANG_WARN_RANGE_LOOP_ANALYSIS = YES;
				CLANG_WARN_STRICT_PROTOTYPES = YES;
				CLANG_WARN_SUSPICIOUS_MOVE = YES;
				CLANG_WARN_UNGUARDED_AVAILABILITY = YES_AGGRESSIVE;
				CLANG_WARN_UNREACHABLE_CODE = YES;
				CLANG_WARN__DUPLICATE_METHOD_MATCH = YES;
				COPY_PHASE_STRIP = NO;
				DEBUG_INFORMATION_FORMAT = dwarf;
				ENABLE_STRICT_OBJC_MSGSEND = YES;
				ENABLE_TESTABILITY = YES;
				ENABLE_USER_SCRIPT_SANDBOXING = YES;
				GCC_C_LANGUAGE_STANDARD = gnu17;
				GCC_DYNAMIC_NO_PIC = NO;
				GCC_NO_COMMON_BLOCKS = YES;
				GCC_OPTIMIZATION_LEVEL = 0;
				GCC_PREPROCESSOR_DEFINITIONS = (
					"DEBUG=1",
					"$(inherited)",
				);
				GCC_WARN_64_TO_32_BIT_CONVERSION = YES;
				GCC_WARN_ABOUT_RETURN_TYPE = YES_ERROR;
				GCC_WARN_UNDECLARED_SELECTOR = YES;
				GCC_WARN_UNINITIALIZED_AUTOS = YES_AGGRESSIVE;
				GCC_WARN_UNUSED_FUNCTION = YES;
				GCC_WARN_UNUSED_VARIABLE = YES;
				IPHONEOS_DEPLOYMENT_TARGET = 18.2;
				LOCALIZATION_PREFERS_STRING_CATALOGS = YES;
				MTL_ENABLE_DEBUG_INFO = INCLUDE_SOURCE;
				MTL_FAST_MATH = YES;
				ONLY_ACTIVE_ARCH = YES;
				SDKROOT = iphoneos;
				SWIFT_ACTIVE_COMPILATION_CONDITIONS = "DEBUG $(inherited)";
				SWIFT_OPTIMIZATION_LEVEL = "-Onone";
			};
			name = Debug;
		};
		F2CAB98C2D43AE720007C26D /* Release */ = {
			isa = XCBuildConfiguration;
			buildSettings = {
				ALWAYS_SEARCH_USER_PATHS = NO;
				ASSETCATALOG_COMPILER_GENERATE_SWIFT_ASSET_SYMBOL_EXTENSIONS = YES;
				CLANG_ANALYZER_NONNULL = YES;
				CLANG_ANALYZER_NUMBER_OBJECT_CONVERSION = YES_AGGRESSIVE;
				CLANG_CXX_LANGUAGE_STANDARD = "gnu++20";
				CLANG_ENABLE_MODULES = YES;
				CLANG_ENABLE_OBJC_ARC = YES;
				CLANG_ENABLE_OBJC_WEAK = YES;
				CLANG_WARN_BLOCK_CAPTURE_AUTORELEASING = YES;
				CLANG_WARN_BOOL_CONVERSION = YES;
				CLANG_WARN_COMMA = YES;
				CLANG_WARN_CONSTANT_CONVERSION = YES;
				CLANG_WARN_DEPRECATED_OBJC_IMPLEMENTATIONS = YES;
				CLANG_WARN_DIRECT_OBJC_ISA_USAGE = YES_ERROR;
				CLANG_WARN_DOCUMENTATION_COMMENTS = YES;
				CLANG_WARN_EMPTY_BODY = YES;
				CLANG_WARN_ENUM_CONVERSION = YES;
				CLANG_WARN_INFINITE_RECURSION = YES;
				CLANG_WARN_INT_CONVERSION = YES;
				CLANG_WARN_NON_LITERAL_NULL_CONVERSION = YES;
				CLANG_WARN_OBJC_IMPLICIT_RETAIN_SELF = YES;
				CLANG_WARN_OBJC_LITERAL_CONVERSION = YES;
				CLANG_WARN_OBJC_ROOT_CLASS = YES_ERROR;
				CLANG_WARN_QUOTED_INCLUDE_IN_FRAMEWORK_HEADER = YES;
				CLANG_WARN_RANGE_LOOP_ANALYSIS = YES;
				CLANG_WARN_STRICT_PROTOTYPES = YES;
				CLANG_WARN_SUSPICIOUS_MOVE = YES;
				CLANG_WARN_UNGUARDED_AVAILABILITY = YES_AGGRESSIVE;
				CLANG_WARN_UNREACHABLE_CODE = YES;
				CLANG_WARN__DUPLICATE_METHOD_MATCH = YES;
				COPY_PHASE_STRIP = NO;
				DEBUG_INFORMATION_FORMAT = "dwarf-with-dsym";
				ENABLE_NS_ASSERTIONS = NO;
				ENABLE_STRICT_OBJC_MSGSEND = YES;
				ENABLE_USER_SCRIPT_SANDBOXING = YES;
				GCC_C_LANGUAGE_STANDARD = gnu17;
				GCC_NO_COMMON_BLOCKS = YES;
				GCC_WARN_64_TO_32_BIT_CONVERSION = YES;
				GCC_WARN_ABOUT_RETURN_TYPE = YES_ERROR;
				GCC_WARN_UNDECLARED_SELECTOR = YES;
				GCC_WARN_UNINITIALIZED_AUTOS = YES_AGGRESSIVE;
				GCC_WARN_UNUSED_FUNCTION = YES;
				GCC_WARN_UNUSED_VARIABLE = YES;
				IPHONEOS_DEPLOYMENT_TARGET = 18.2;
				LOCALIZATION_PREFERS_STRING_CATALOGS = YES;
				MTL_ENABLE_DEBUG_INFO = NO;
				MTL_FAST_MATH = YES;
				SDKROOT = iphoneos;
				SWIFT_COMPILATION_MODE = wholemodule;
				VALIDATE_PRODUCT = YES;
			};
			name = Release;
		};
/* End XCBuildConfiguration section */

/* Begin XCConfigurationList section */
		F2CAB9702D43AE700007C26D /* Build configuration list for PBXProject "Example_iOS" */ = {
			isa = XCConfigurationList;
			buildConfigurations = (
				F2CAB98B2D43AE720007C26D /* Debug */,
				F2CAB98C2D43AE720007C26D /* Release */,
			);
			defaultConfigurationIsVisible = 0;
			defaultConfigurationName = Release;
		};
		F2CAB9882D43AE720007C26D /* Build configuration list for PBXNativeTarget "Example_iOS" */ = {
			isa = XCConfigurationList;
			buildConfigurations = (
				F2CAB9892D43AE720007C26D /* Debug */,
				F2CAB98A2D43AE720007C26D /* Release */,
			);
			defaultConfigurationIsVisible = 0;
			defaultConfigurationName = Release;
		};
/* End XCConfigurationList section */
	};
	rootObject = F2CAB96D2D43AE6F0007C26D /* Project object */;
}
